
Microsoft Visual Studio Solution File, Format Version 12.00
# Visual Studio Version 17
VisualStudioVersion = 17.0.31919.166
MinimumVisualStudioVersion = 10.0.40219.1
Project("{FAE04EC0-301F-11D3-BF4B-00C04F79EFBC}") = "WpfAppLessonWPF1", "WpfAppLessonWPF1\WpfAppLessonWPF1.csproj", "{141365D2-9ACD-457E-AE80-208E0B621168}"
EndProject
Global
	GlobalSection(SolutionConfigurationPlatforms) = preSolution
		Debug|Any CPU = Debug|Any CPU
		Release|Any CPU = Release|Any CPU
	EndGlobalSection
	GlobalSection(ProjectConfigurationPlatforms) = postSolution
		{141365D2-9ACD-457E-AE80-208E0B621168}.Debug|Any CPU.ActiveCfg = Debug|Any CPU
		{141365D2-9ACD-457E-AE80-208E0B621168}.Debug|Any CPU.Build.0 = Debug|Any CPU
		{141365D2-9ACD-457E-AE80-208E0B621168}.Release|Any CPU.ActiveCfg = Release|Any CPU
		{141365D2-9ACD-457E-AE80-208E0B621168}.Release|Any CPU.Build.0 = Release|Any CPU
	EndGlobalSection
	GlobalSection(SolutionProperties) = preSolution
		HideSolutionNode = FALSE
	EndGlobalSection
	GlobalSection(ExtensibilityGlobals) = postSolution
		SolutionGuid = {4A281769-DF3C-4C4F-BAAE-D943135B1B69}
	EndGlobalSection
EndGlobal
